
Microsoft Visual Studio Solution File, Format Version 12.00
# Visual Studio Version 17
VisualStudioVersion = 17.8.34525.116
MinimumVisualStudioVersion = 10.0.40219.1
Project("{FAE04EC0-301F-11D3-BF4B-00C04F79EFBC}") = "PlutoV3Beta", "PlutoV3Beta\PlutoV3Beta.csproj", "{7384C303-D8A3-468C-8193-A561FCAA42B6}"
EndProject
Global
	GlobalSection(SolutionConfigurationPlatforms) = preSolution
		Debug|Any CPU = Debug|Any CPU
		Release|Any CPU = Release|Any CPU
	EndGlobalSection
	GlobalSection(ProjectConfigurationPlatforms) = postSolution
		{7384C303-D8A3-468C-8193-A561FCAA42B6}.Debug|Any CPU.ActiveCfg = Debug|Any CPU
		{7384C303-D8A3-468C-8193-A561FCAA42B6}.Debug|Any CPU.Build.0 = Debug|Any CPU
		{7384C303-D8A3-468C-8193-A561FCAA42B6}.Release|Any CPU.ActiveCfg = Release|Any CPU
		{7384C303-D8A3-468C-8193-A561FCAA42B6}.Release|Any CPU.Build.0 = Release|Any CPU
	EndGlobalSection
	GlobalSection(SolutionProperties) = preSolution
		HideSolutionNode = FALSE
	EndGlobalSection
	GlobalSection(ExtensibilityGlobals) = postSolution
		SolutionGuid = {30C364FF-0E43-460F-A753-26304E5D4820}
	EndGlobalSection
EndGlobal
